{
    "_meta": {
        "hash": {
            "sha256": "1841d634f6e6c1eca1eba777d99307381e683e69d36e70d6742b55678e59cc20"
        },
        "host-environment-markers": {
            "implementation_name": "cpython",
            "implementation_version": "3.6.4",
            "os_name": "nt",
            "platform_machine": "AMD64",
            "platform_python_implementation": "CPython",
            "platform_release": "10",
            "platform_system": "Windows",
            "platform_version": "10.0.16299",
            "python_full_version": "3.6.4",
            "python_version": "3.6",
            "sys_platform": "win32"
        },
        "pipfile-spec": 6,
        "requires": {
            "python_version": "3.6"
        },
        "sources": [
            {
                "name": "pypi",
                "url": "https://pypi.python.org/simple",
                "verify_ssl": true
            }
        ]
    },
    "default": {
        "9d19b11": {
            "path": "C:/Users/jorchard/Downloads/PyQt4-4.11.4-cp36-cp36m-win_amd64.whl"
        }
    },
    "develop": {}
}
